
Microsoft Visual Studio Solution File, Format Version 12.00
# Visual Studio 15
VisualStudioVersion = 15.0.27130.2024
MinimumVisualStudioVersion = 10.0.40219.1
Project("{FAE04EC0-301F-11D3-BF4B-00C04F79EFBC}") = "DebugPatch", "DebugPatch\DebugPatch.csproj", "{D9ADB3A3-1D72-4898-A487-7A751A83A519}"
EndProject
Project("{FAE04EC0-301F-11D3-BF4B-00C04F79EFBC}") = "DebugTest", "DebugTest\DebugTest.csproj", "{A973B915-4997-4134-9539-26454EBCD740}"
EndProject
Global
	GlobalSection(SolutionConfigurationPlatforms) = preSolution
		Debug|Any CPU = Debug|Any CPU
		Release|Any CPU = Release|Any CPU
	EndGlobalSection
	GlobalSection(ProjectConfigurationPlatforms) = postSolution
		{D9ADB3A3-1D72-4898-A487-7A751A83A519}.Debug|Any CPU.ActiveCfg = Debug|Any CPU
		{D9ADB3A3-1D72-4898-A487-7A751A83A519}.Debug|Any CPU.Build.0 = Debug|Any CPU
		{D9ADB3A3-1D72-4898-A487-7A751A83A519}.Release|Any CPU.ActiveCfg = Release|Any CPU
		{D9ADB3A3-1D72-4898-A487-7A751A83A519}.Release|Any CPU.Build.0 = Release|Any CPU
		{A973B915-4997-4134-9539-26454EBCD740}.Debug|Any CPU.ActiveCfg = Debug|Any CPU
		{A973B915-4997-4134-9539-26454EBCD740}.Debug|Any CPU.Build.0 = Debug|Any CPU
		{A973B915-4997-4134-9539-26454EBCD740}.Release|Any CPU.ActiveCfg = Release|Any CPU
		{A973B915-4997-4134-9539-26454EBCD740}.Release|Any CPU.Build.0 = Release|Any CPU
	EndGlobalSection
	GlobalSection(SolutionProperties) = preSolution
		HideSolutionNode = FALSE
	EndGlobalSection
	GlobalSection(ExtensibilityGlobals) = postSolution
		SolutionGuid = {B845FA2A-484E-4612-9C7E-7F9EECE9292C}
	EndGlobalSection
EndGlobal
